
Microsoft Visual Studio Solution File, Format Version 12.00
# Visual Studio Version 17
VisualStudioVersion = 17.7.34202.233
MinimumVisualStudioVersion = 10.0.40219.1
Project("{FAE04EC0-301F-11D3-BF4B-00C04F79EFBC}") = "WebApplication1", "WebApplication1.csproj", "{F7A10560-E1F5-4C0A-B1B9-366CCB11CCD7}"
EndProject
Project("{FAE04EC0-301F-11D3-BF4B-00C04F79EFBC}") = "ProductUnitTest", "..\ProductUnitTest\ProductUnitTest.csproj", "{7206D655-8830-4F64-86BE-893901A36145}"
EndProject
Global
	GlobalSection(SolutionConfigurationPlatforms) = preSolution
		Debug|Any CPU = Debug|Any CPU
		Release|Any CPU = Release|Any CPU
	EndGlobalSection
	GlobalSection(ProjectConfigurationPlatforms) = postSolution
		{F7A10560-E1F5-4C0A-B1B9-366CCB11CCD7}.Debug|Any CPU.ActiveCfg = Debug|Any CPU
		{F7A10560-E1F5-4C0A-B1B9-366CCB11CCD7}.Debug|Any CPU.Build.0 = Debug|Any CPU
		{F7A10560-E1F5-4C0A-B1B9-366CCB11CCD7}.Release|Any CPU.ActiveCfg = Release|Any CPU
		{F7A10560-E1F5-4C0A-B1B9-366CCB11CCD7}.Release|Any CPU.Build.0 = Release|Any CPU
		{7206D655-8830-4F64-86BE-893901A36145}.Debug|Any CPU.ActiveCfg = Debug|Any CPU
		{7206D655-8830-4F64-86BE-893901A36145}.Debug|Any CPU.Build.0 = Debug|Any CPU
		{7206D655-8830-4F64-86BE-893901A36145}.Release|Any CPU.ActiveCfg = Release|Any CPU
		{7206D655-8830-4F64-86BE-893901A36145}.Release|Any CPU.Build.0 = Release|Any CPU
	EndGlobalSection
	GlobalSection(SolutionProperties) = preSolution
		HideSolutionNode = FALSE
	EndGlobalSection
	GlobalSection(ExtensibilityGlobals) = postSolution
		SolutionGuid = {49E6AE52-CED1-49E4-AE33-608B1D07E4FF}
	EndGlobalSection
EndGlobal
